
Microsoft Visual Studio Solution File, Format Version 12.00
# Visual Studio Version 16
VisualStudioVersion = 16.0.30413.136
MinimumVisualStudioVersion = 10.0.40219.1
Project("{9A19103F-16F7-4668-BE54-9A1E7A4F7556}") = "Nhom9.Docker_Kubernet.Demo.UserService", "Nhom9.Docker_Kubernet.Demo.Admin\Nhom9.Docker_Kubernet.Demo.UserService.csproj", "{819428AD-1FA7-43DD-A0F0-3EDBDF391CF9}"
EndProject
Project("{2150E333-8FDC-42A3-9474-1A3956D46DE8}") = "Shared", "Shared", "{C145E580-6812-4BC3-BB2C-0370442B7E0E}"
EndProject
Project("{9A19103F-16F7-4668-BE54-9A1E7A4F7556}") = "Nhom9.Docker_Kubernet.Demo.DL", "Nhom9.Docker_Kubernet.Demo.DL\Nhom9.Docker_Kubernet.Demo.DL.csproj", "{EF3854F8-7A45-4108-8B2D-746AF434DFEC}"
EndProject
Project("{9A19103F-16F7-4668-BE54-9A1E7A4F7556}") = "Nhom9.Docker_Kubernet.Demo.Entity", "Nhom9.Docker_Kubernet.Demo.Entity\Nhom9.Docker_Kubernet.Demo.Entity.csproj", "{EFE44637-6B79-42A7-B26F-409C1EF31652}"
EndProject
Project("{2150E333-8FDC-42A3-9474-1A3956D46DE8}") = "Solution Items", "Solution Items", "{54BA90CB-DB86-4AB5-998A-B45FDBEB3F0F}"
	ProjectSection(SolutionItems) = preProject
		docker-compose.yml = docker-compose.yml
	EndProjectSection
EndProject
Project("{9A19103F-16F7-4668-BE54-9A1E7A4F7556}") = "Nhom9.Docker_Kubernet.Demo.Common", "Nhom9.Docker_Kubernet.Demo.Common\Nhom9.Docker_Kubernet.Demo.Common.csproj", "{29697779-E8DF-416F-80B7-8CDBA00EF7CC}"
EndProject
Project("{2150E333-8FDC-42A3-9474-1A3956D46DE8}") = "Service", "Service", "{08FC257F-C7AB-4E67-9CC7-6EACA8D83EE5}"
EndProject
Project("{2150E333-8FDC-42A3-9474-1A3956D46DE8}") = "UI", "UI", "{FACD72CB-253A-40C2-BC33-E66328E4CD0A}"
EndProject
Project("{9A19103F-16F7-4668-BE54-9A1E7A4F7556}") = "Nhom9.Docker_Kubernet.Demo.WebUI", "Nhom9.Docker_Kubernet.Demo.WebUI\Nhom9.Docker_Kubernet.Demo.WebUI.csproj", "{F4302431-B490-43B0-8520-246D90CB9862}"
EndProject
Project("{9A19103F-16F7-4668-BE54-9A1E7A4F7556}") = "Nhom9.Docker_Kubernet.Demo.AuthenticationService", "Nhom9.Docker_Kubernet.Demo.AuthenticationService\Nhom9.Docker_Kubernet.Demo.AuthenticationService.csproj", "{EC824820-D149-4C51-A852-8D293552CB32}"
EndProject
Global
	GlobalSection(SolutionConfigurationPlatforms) = preSolution
		Debug|Any CPU = Debug|Any CPU
		Release|Any CPU = Release|Any CPU
	EndGlobalSection
	GlobalSection(ProjectConfigurationPlatforms) = postSolution
		{819428AD-1FA7-43DD-A0F0-3EDBDF391CF9}.Debug|Any CPU.ActiveCfg = Debug|Any CPU
		{819428AD-1FA7-43DD-A0F0-3EDBDF391CF9}.Debug|Any CPU.Build.0 = Debug|Any CPU
		{819428AD-1FA7-43DD-A0F0-3EDBDF391CF9}.Release|Any CPU.ActiveCfg = Release|Any CPU
		{819428AD-1FA7-43DD-A0F0-3EDBDF391CF9}.Release|Any CPU.Build.0 = Release|Any CPU
		{EF3854F8-7A45-4108-8B2D-746AF434DFEC}.Debug|Any CPU.ActiveCfg = Debug|Any CPU
		{EF3854F8-7A45-4108-8B2D-746AF434DFEC}.Debug|Any CPU.Build.0 = Debug|Any CPU
		{EF3854F8-7A45-4108-8B2D-746AF434DFEC}.Release|Any CPU.ActiveCfg = Release|Any CPU
		{EF3854F8-7A45-4108-8B2D-746AF434DFEC}.Release|Any CPU.Build.0 = Release|Any CPU
		{EFE44637-6B79-42A7-B26F-409C1EF31652}.Debug|Any CPU.ActiveCfg = Debug|Any CPU
		{EFE44637-6B79-42A7-B26F-409C1EF31652}.Debug|Any CPU.Build.0 = Debug|Any CPU
		{EFE44637-6B79-42A7-B26F-409C1EF31652}.Release|Any CPU.ActiveCfg = Release|Any CPU
		{EFE44637-6B79-42A7-B26F-409C1EF31652}.Release|Any CPU.Build.0 = Release|Any CPU
		{29697779-E8DF-416F-80B7-8CDBA00EF7CC}.Debug|Any CPU.ActiveCfg = Debug|Any CPU
		{29697779-E8DF-416F-80B7-8CDBA00EF7CC}.Debug|Any CPU.Build.0 = Debug|Any CPU
		{29697779-E8DF-416F-80B7-8CDBA00EF7CC}.Release|Any CPU.ActiveCfg = Release|Any CPU
		{29697779-E8DF-416F-80B7-8CDBA00EF7CC}.Release|Any CPU.Build.0 = Release|Any CPU
		{F4302431-B490-43B0-8520-246D90CB9862}.Debug|Any CPU.ActiveCfg = Debug|Any CPU
		{F4302431-B490-43B0-8520-246D90CB9862}.Debug|Any CPU.Build.0 = Debug|Any CPU
		{F4302431-B490-43B0-8520-246D90CB9862}.Release|Any CPU.ActiveCfg = Release|Any CPU
		{F4302431-B490-43B0-8520-246D90CB9862}.Release|Any CPU.Build.0 = Release|Any CPU
		{EC824820-D149-4C51-A852-8D293552CB32}.Debug|Any CPU.ActiveCfg = Debug|Any CPU
		{EC824820-D149-4C51-A852-8D293552CB32}.Debug|Any CPU.Build.0 = Debug|Any CPU
		{EC824820-D149-4C51-A852-8D293552CB32}.Release|Any CPU.ActiveCfg = Release|Any CPU
		{EC824820-D149-4C51-A852-8D293552CB32}.Release|Any CPU.Build.0 = Release|Any CPU
	EndGlobalSection
	GlobalSection(SolutionProperties) = preSolution
		HideSolutionNode = FALSE
	EndGlobalSection
	GlobalSection(NestedProjects) = preSolution
		{819428AD-1FA7-43DD-A0F0-3EDBDF391CF9} = {08FC257F-C7AB-4E67-9CC7-6EACA8D83EE5}
		{EF3854F8-7A45-4108-8B2D-746AF434DFEC} = {C145E580-6812-4BC3-BB2C-0370442B7E0E}
		{EFE44637-6B79-42A7-B26F-409C1EF31652} = {C145E580-6812-4BC3-BB2C-0370442B7E0E}
		{29697779-E8DF-416F-80B7-8CDBA00EF7CC} = {C145E580-6812-4BC3-BB2C-0370442B7E0E}
		{F4302431-B490-43B0-8520-246D90CB9862} = {FACD72CB-253A-40C2-BC33-E66328E4CD0A}
		{EC824820-D149-4C51-A852-8D293552CB32} = {08FC257F-C7AB-4E67-9CC7-6EACA8D83EE5}
	EndGlobalSection
	GlobalSection(ExtensibilityGlobals) = postSolution
		SolutionGuid = {922BF9B2-5B9E-4540-9A27-FE32231F4929}
	EndGlobalSection
EndGlobal
